
Microsoft Visual Studio Solution File, Format Version 12.00
# Visual Studio Version 17
VisualStudioVersion = 17.9.34616.47
MinimumVisualStudioVersion = 10.0.40219.1
Project("{FAE04EC0-301F-11D3-BF4B-00C04F79EFBC}") = "ATM MACHINE", "ATM MACHINE\ATM MACHINE.csproj", "{827F62E7-3980-408C-988E-0A285994D30A}"
EndProject
Global
	GlobalSection(SolutionConfigurationPlatforms) = preSolution
		Debug|Any CPU = Debug|Any CPU
		Release|Any CPU = Release|Any CPU
	EndGlobalSection
	GlobalSection(ProjectConfigurationPlatforms) = postSolution
		{827F62E7-3980-408C-988E-0A285994D30A}.Debug|Any CPU.ActiveCfg = Debug|Any CPU
		{827F62E7-3980-408C-988E-0A285994D30A}.Debug|Any CPU.Build.0 = Debug|Any CPU
		{827F62E7-3980-408C-988E-0A285994D30A}.Release|Any CPU.ActiveCfg = Release|Any CPU
		{827F62E7-3980-408C-988E-0A285994D30A}.Release|Any CPU.Build.0 = Release|Any CPU
	EndGlobalSection
	GlobalSection(SolutionProperties) = preSolution
		HideSolutionNode = FALSE
	EndGlobalSection
	GlobalSection(ExtensibilityGlobals) = postSolution
		SolutionGuid = {58DF54B1-8D48-4B01-89B8-C8EF5ED834A2}
	EndGlobalSection
EndGlobal
